
Microsoft Visual Studio Solution File, Format Version 12.00
# Visual Studio Version 17
VisualStudioVersion = 17.3.32825.248
MinimumVisualStudioVersion = 10.0.40219.1
Project("{FAE04EC0-301F-11D3-BF4B-00C04F79EFBC}") = "ViberBot", "ViberBot\ViberBot.csproj", "{C59C520B-DBED-4694-B595-E2AA4EB8CFCC}"
EndProject
Global
	GlobalSection(SolutionConfigurationPlatforms) = preSolution
		Debug|Any CPU = Debug|Any CPU
		Release|Any CPU = Release|Any CPU
	EndGlobalSection
	GlobalSection(ProjectConfigurationPlatforms) = postSolution
		{C59C520B-DBED-4694-B595-E2AA4EB8CFCC}.Debug|Any CPU.ActiveCfg = Debug|Any CPU
		{C59C520B-DBED-4694-B595-E2AA4EB8CFCC}.Debug|Any CPU.Build.0 = Debug|Any CPU
		{C59C520B-DBED-4694-B595-E2AA4EB8CFCC}.Release|Any CPU.ActiveCfg = Release|Any CPU
		{C59C520B-DBED-4694-B595-E2AA4EB8CFCC}.Release|Any CPU.Build.0 = Release|Any CPU
	EndGlobalSection
	GlobalSection(SolutionProperties) = preSolution
		HideSolutionNode = FALSE
	EndGlobalSection
	GlobalSection(ExtensibilityGlobals) = postSolution
		SolutionGuid = {E6AD3026-16F2-471E-91E8-0AC0A6D01D81}
	EndGlobalSection
EndGlobal
